
Microsoft Visual Studio Solution File, Format Version 12.00
# Visual Studio Version 16
VisualStudioVersion = 16.0.30907.101
MinimumVisualStudioVersion = 10.0.40219.1
Project("{FAE04EC0-301F-11D3-BF4B-00C04F79EFBC}") = "Assignment3", "Assignment3.csproj", "{B5A969A4-ABB5-4B1F-8D28-F33C35EE1E6A}"
EndProject
Global
	GlobalSection(SolutionConfigurationPlatforms) = preSolution
		Debug|Any CPU = Debug|Any CPU
		Release|Any CPU = Release|Any CPU
	EndGlobalSection
	GlobalSection(ProjectConfigurationPlatforms) = postSolution
		{B5A969A4-ABB5-4B1F-8D28-F33C35EE1E6A}.Debug|Any CPU.ActiveCfg = Debug|Any CPU
		{B5A969A4-ABB5-4B1F-8D28-F33C35EE1E6A}.Debug|Any CPU.Build.0 = Debug|Any CPU
		{B5A969A4-ABB5-4B1F-8D28-F33C35EE1E6A}.Release|Any CPU.ActiveCfg = Release|Any CPU
		{B5A969A4-ABB5-4B1F-8D28-F33C35EE1E6A}.Release|Any CPU.Build.0 = Release|Any CPU
	EndGlobalSection
	GlobalSection(SolutionProperties) = preSolution
		HideSolutionNode = FALSE
	EndGlobalSection
	GlobalSection(ExtensibilityGlobals) = postSolution
		SolutionGuid = {4730BCD4-0DB9-43CE-9BCB-514528263119}
	EndGlobalSection
EndGlobal
